
Microsoft Visual Studio Solution File, Format Version 12.00
# Visual Studio Version 17
VisualStudioVersion = 17.0.31903.59
MinimumVisualStudioVersion = 10.0.40219.1
Project("{FAE04EC0-301F-11D3-BF4B-00C04F79EFBC}") = "WellBeing360.ApiGateway", "WellBeing360.ApiGateway\WellBeing360.ApiGateway.csproj", "{931A1F6E-06A4-447B-A484-220E67322154}"
EndProject
Project("{2150E333-8FDC-42A3-9474-1A3956D46DE8}") = "WellBeing360.IdentityService", "WellBeing360.IdentityService", "{3F08B4AE-0493-A483-1247-4A32A731F630}"
EndProject
Project("{FAE04EC0-301F-11D3-BF4B-00C04F79EFBC}") = "WellBeing360.IdentityService.Core", "WellBeing360.IdentityService\WellBeing360.IdentityService.Core\WellBeing360.IdentityService.Core.csproj", "{298161D0-6059-4B32-8857-5F4B7DC0A532}"
EndProject
Project("{FAE04EC0-301F-11D3-BF4B-00C04F79EFBC}") = "WellBeing360.IdentityService.Infrastructure", "WellBeing360.IdentityService\WellBeing360.IdentityService.Infrastructure\WellBeing360.IdentityService.Infrastructure.csproj", "{D5DA358E-B6BE-4802-B925-96681B534D13}"
EndProject
Project("{FAE04EC0-301F-11D3-BF4B-00C04F79EFBC}") = "WellBeing360.IdentityService.Service", "WellBeing360.IdentityService\WellBeing360.IdentityService.Service\WellBeing360.IdentityService.Service.csproj", "{66B3B872-0C13-4FD8-9A77-4511775B7318}"
EndProject
Project("{FAE04EC0-301F-11D3-BF4B-00C04F79EFBC}") = "WellBeing360.IdentityService.Api", "WellBeing360.IdentityService\WellBeing360.IdentityService.Api\WellBeing360.IdentityService.Api.csproj", "{58681BE2-B4B2-4776-817F-76EFFFE31779}"
EndProject
Project("{2150E333-8FDC-42A3-9474-1A3956D46DE8}") = "WellBeing360.BenefitsService", "WellBeing360.BenefitsService", "{427B423C-1F18-ACA6-0D66-391B28203589}"
EndProject
Project("{FAE04EC0-301F-11D3-BF4B-00C04F79EFBC}") = "WellBeing360.BenefitsService.Core", "WellBeing360.BenefitsService\WellBeing360.BenefitsService.Core\WellBeing360.BenefitsService.Core.csproj", "{EA5E17D8-0735-4E29-8C55-C3919911EC36}"
EndProject
Project("{FAE04EC0-301F-11D3-BF4B-00C04F79EFBC}") = "WellBeing360.BenefitsService.Infrastructure", "WellBeing360.BenefitsService\WellBeing360.BenefitsService.Infrastructure\WellBeing360.BenefitsService.Infrastructure.csproj", "{80480336-8DD8-48DC-BDB1-F93B9FBE67BB}"
EndProject
Project("{FAE04EC0-301F-11D3-BF4B-00C04F79EFBC}") = "WellBeing360.BenefitsService.Service", "WellBeing360.BenefitsService\WellBeing360.BenefitsService.Service\WellBeing360.BenefitsService.Service.csproj", "{38ECA8E1-5BC8-4A67-A083-D7CF77E1A6C4}"
EndProject
Project("{FAE04EC0-301F-11D3-BF4B-00C04F79EFBC}") = "WellBeing360.BenefitsService.Api", "WellBeing360.BenefitsService\WellBeing360.BenefitsService.Api\WellBeing360.BenefitsService.Api.csproj", "{9B8DC3D5-5C0F-46F6-B85F-DC7EBC9C2DDA}"
EndProject
Project("{2150E333-8FDC-42A3-9474-1A3956D46DE8}") = "WellBeing360.WellnessService", "WellBeing360.WellnessService", "{A6201A63-431E-5753-8597-BE89025CE600}"
EndProject
Project("{FAE04EC0-301F-11D3-BF4B-00C04F79EFBC}") = "WellBeing360.WellnessService.Core", "WellBeing360.WellnessService\WellBeing360.WellnessService.Core\WellBeing360.WellnessService.Core.csproj", "{60CA3A40-101D-4E14-A319-05AD2998AA89}"
EndProject
Project("{FAE04EC0-301F-11D3-BF4B-00C04F79EFBC}") = "WellBeing360.WellnessService.Infrastructure", "WellBeing360.WellnessService\WellBeing360.WellnessService.Infrastructure\WellBeing360.WellnessService.Infrastructure.csproj", "{DC91EF83-6816-455E-8469-A9E70B6BADA7}"
EndProject
Project("{FAE04EC0-301F-11D3-BF4B-00C04F79EFBC}") = "WellBeing360.WellnessService.Service", "WellBeing360.WellnessService\WellBeing360.WellnessService.Service\WellBeing360.WellnessService.Service.csproj", "{DE1DDC2B-45EA-4DD2-8827-901145F3C818}"
EndProject
Project("{FAE04EC0-301F-11D3-BF4B-00C04F79EFBC}") = "WellBeing360.WellnessService.Api", "WellBeing360.WellnessService\WellBeing360.WellnessService.Api\WellBeing360.WellnessService.Api.csproj", "{805F626C-53F5-4A8F-B50D-6C10D3E62497}"
EndProject
Project("{2150E333-8FDC-42A3-9474-1A3956D46DE8}") = "WellBeing360.RewardsService", "WellBeing360.RewardsService", "{589370D0-55ED-C32D-0ECD-25641741CBD2}"
EndProject
Project("{FAE04EC0-301F-11D3-BF4B-00C04F79EFBC}") = "WellBeing360.RewardsService.Core", "WellBeing360.RewardsService\WellBeing360.RewardsService.Core\WellBeing360.RewardsService.Core.csproj", "{382170FE-60A2-4EFD-990D-E96451A4F1B3}"
EndProject
Project("{FAE04EC0-301F-11D3-BF4B-00C04F79EFBC}") = "WellBeing360.RewardsService.Infrastructure", "WellBeing360.RewardsService\WellBeing360.RewardsService.Infrastructure\WellBeing360.RewardsService.Infrastructure.csproj", "{770281CB-5852-4B10-B068-39F81EE5D26C}"
EndProject
Project("{FAE04EC0-301F-11D3-BF4B-00C04F79EFBC}") = "WellBeing360.RewardsService.Service", "WellBeing360.RewardsService\WellBeing360.RewardsService.Service\WellBeing360.RewardsService.Service.csproj", "{88204B9F-FD51-4093-AC19-B2FB0F1E882D}"
EndProject
Project("{FAE04EC0-301F-11D3-BF4B-00C04F79EFBC}") = "WellBeing360.RewardsService.Api", "WellBeing360.RewardsService\WellBeing360.RewardsService.Api\WellBeing360.RewardsService.Api.csproj", "{C6820A5B-542A-48E2-B495-70CAA0CCBFE1}"
EndProject
Global
	GlobalSection(SolutionConfigurationPlatforms) = preSolution
		Debug|Any CPU = Debug|Any CPU
		Debug|x64 = Debug|x64
		Debug|x86 = Debug|x86
		Release|Any CPU = Release|Any CPU
		Release|x64 = Release|x64
		Release|x86 = Release|x86
	EndGlobalSection
	GlobalSection(ProjectConfigurationPlatforms) = postSolution
		{931A1F6E-06A4-447B-A484-220E67322154}.Debug|Any CPU.ActiveCfg = Debug|Any CPU
		{931A1F6E-06A4-447B-A484-220E67322154}.Debug|Any CPU.Build.0 = Debug|Any CPU
		{931A1F6E-06A4-447B-A484-220E67322154}.Debug|x64.ActiveCfg = Debug|Any CPU
		{931A1F6E-06A4-447B-A484-220E67322154}.Debug|x64.Build.0 = Debug|Any CPU
		{931A1F6E-06A4-447B-A484-220E67322154}.Debug|x86.ActiveCfg = Debug|Any CPU
		{931A1F6E-06A4-447B-A484-220E67322154}.Debug|x86.Build.0 = Debug|Any CPU
		{931A1F6E-06A4-447B-A484-220E67322154}.Release|Any CPU.ActiveCfg = Release|Any CPU
		{931A1F6E-06A4-447B-A484-220E67322154}.Release|Any CPU.Build.0 = Release|Any CPU
		{931A1F6E-06A4-447B-A484-220E67322154}.Release|x64.ActiveCfg = Release|Any CPU
		{931A1F6E-06A4-447B-A484-220E67322154}.Release|x64.Build.0 = Release|Any CPU
		{931A1F6E-06A4-447B-A484-220E67322154}.Release|x86.ActiveCfg = Release|Any CPU
		{931A1F6E-06A4-447B-A484-220E67322154}.Release|x86.Build.0 = Release|Any CPU
		{298161D0-6059-4B32-8857-5F4B7DC0A532}.Debug|Any CPU.ActiveCfg = Debug|Any CPU
		{298161D0-6059-4B32-8857-5F4B7DC0A532}.Debug|Any CPU.Build.0 = Debug|Any CPU
		{298161D0-6059-4B32-8857-5F4B7DC0A532}.Debug|x64.ActiveCfg = Debug|Any CPU
		{298161D0-6059-4B32-8857-5F4B7DC0A532}.Debug|x64.Build.0 = Debug|Any CPU
		{298161D0-6059-4B32-8857-5F4B7DC0A532}.Debug|x86.ActiveCfg = Debug|Any CPU
		{298161D0-6059-4B32-8857-5F4B7DC0A532}.Debug|x86.Build.0 = Debug|Any CPU
		{298161D0-6059-4B32-8857-5F4B7DC0A532}.Release|Any CPU.ActiveCfg = Release|Any CPU
		{298161D0-6059-4B32-8857-5F4B7DC0A532}.Release|Any CPU.Build.0 = Release|Any CPU
		{298161D0-6059-4B32-8857-5F4B7DC0A532}.Release|x64.ActiveCfg = Release|Any CPU
		{298161D0-6059-4B32-8857-5F4B7DC0A532}.Release|x64.Build.0 = Release|Any CPU
		{298161D0-6059-4B32-8857-5F4B7DC0A532}.Release|x86.ActiveCfg = Release|Any CPU
		{298161D0-6059-4B32-8857-5F4B7DC0A532}.Release|x86.Build.0 = Release|Any CPU
		{D5DA358E-B6BE-4802-B925-96681B534D13}.Debug|Any CPU.ActiveCfg = Debug|Any CPU
		{D5DA358E-B6BE-4802-B925-96681B534D13}.Debug|Any CPU.Build.0 = Debug|Any CPU
		{D5DA358E-B6BE-4802-B925-96681B534D13}.Debug|x64.ActiveCfg = Debug|Any CPU
		{D5DA358E-B6BE-4802-B925-96681B534D13}.Debug|x64.Build.0 = Debug|Any CPU
		{D5DA358E-B6BE-4802-B925-96681B534D13}.Debug|x86.ActiveCfg = Debug|Any CPU
		{D5DA358E-B6BE-4802-B925-96681B534D13}.Debug|x86.Build.0 = Debug|Any CPU
		{D5DA358E-B6BE-4802-B925-96681B534D13}.Release|Any CPU.ActiveCfg = Release|Any CPU
		{D5DA358E-B6BE-4802-B925-96681B534D13}.Release|Any CPU.Build.0 = Release|Any CPU
		{D5DA358E-B6BE-4802-B925-96681B534D13}.Release|x64.ActiveCfg = Release|Any CPU
		{D5DA358E-B6BE-4802-B925-96681B534D13}.Release|x64.Build.0 = Release|Any CPU
		{D5DA358E-B6BE-4802-B925-96681B534D13}.Release|x86.ActiveCfg = Release|Any CPU
		{D5DA358E-B6BE-4802-B925-96681B534D13}.Release|x86.Build.0 = Release|Any CPU
		{66B3B872-0C13-4FD8-9A77-4511775B7318}.Debug|Any CPU.ActiveCfg = Debug|Any CPU
		{66B3B872-0C13-4FD8-9A77-4511775B7318}.Debug|Any CPU.Build.0 = Debug|Any CPU
		{66B3B872-0C13-4FD8-9A77-4511775B7318}.Debug|x64.ActiveCfg = Debug|Any CPU
		{66B3B872-0C13-4FD8-9A77-4511775B7318}.Debug|x64.Build.0 = Debug|Any CPU
		{66B3B872-0C13-4FD8-9A77-4511775B7318}.Debug|x86.ActiveCfg = Debug|Any CPU
		{66B3B872-0C13-4FD8-9A77-4511775B7318}.Debug|x86.Build.0 = Debug|Any CPU
		{66B3B872-0C13-4FD8-9A77-4511775B7318}.Release|Any CPU.ActiveCfg = Release|Any CPU
		{66B3B872-0C13-4FD8-9A77-4511775B7318}.Release|Any CPU.Build.0 = Release|Any CPU
		{66B3B872-0C13-4FD8-9A77-4511775B7318}.Release|x64.ActiveCfg = Release|Any CPU
		{66B3B872-0C13-4FD8-9A77-4511775B7318}.Release|x64.Build.0 = Release|Any CPU
		{66B3B872-0C13-4FD8-9A77-4511775B7318}.Release|x86.ActiveCfg = Release|Any CPU
		{66B3B872-0C13-4FD8-9A77-4511775B7318}.Release|x86.Build.0 = Release|Any CPU
		{58681BE2-B4B2-4776-817F-76EFFFE31779}.Debug|Any CPU.ActiveCfg = Debug|Any CPU
		{58681BE2-B4B2-4776-817F-76EFFFE31779}.Debug|Any CPU.Build.0 = Debug|Any CPU
		{58681BE2-B4B2-4776-817F-76EFFFE31779}.Debug|x64.ActiveCfg = Debug|Any CPU
		{58681BE2-B4B2-4776-817F-76EFFFE31779}.Debug|x64.Build.0 = Debug|Any CPU
		{58681BE2-B4B2-4776-817F-76EFFFE31779}.Debug|x86.ActiveCfg = Debug|Any CPU
		{58681BE2-B4B2-4776-817F-76EFFFE31779}.Debug|x86.Build.0 = Debug|Any CPU
		{58681BE2-B4B2-4776-817F-76EFFFE31779}.Release|Any CPU.ActiveCfg = Release|Any CPU
		{58681BE2-B4B2-4776-817F-76EFFFE31779}.Release|Any CPU.Build.0 = Release|Any CPU
		{58681BE2-B4B2-4776-817F-76EFFFE31779}.Release|x64.ActiveCfg = Release|Any CPU
		{58681BE2-B4B2-4776-817F-76EFFFE31779}.Release|x64.Build.0 = Release|Any CPU
		{58681BE2-B4B2-4776-817F-76EFFFE31779}.Release|x86.ActiveCfg = Release|Any CPU
		{58681BE2-B4B2-4776-817F-76EFFFE31779}.Release|x86.Build.0 = Release|Any CPU
		{EA5E17D8-0735-4E29-8C55-C3919911EC36}.Debug|Any CPU.ActiveCfg = Debug|Any CPU
		{EA5E17D8-0735-4E29-8C55-C3919911EC36}.Debug|Any CPU.Build.0 = Debug|Any CPU
		{EA5E17D8-0735-4E29-8C55-C3919911EC36}.Debug|x64.ActiveCfg = Debug|Any CPU
		{EA5E17D8-0735-4E29-8C55-C3919911EC36}.Debug|x64.Build.0 = Debug|Any CPU
		{EA5E17D8-0735-4E29-8C55-C3919911EC36}.Debug|x86.ActiveCfg = Debug|Any CPU
		{EA5E17D8-0735-4E29-8C55-C3919911EC36}.Debug|x86.Build.0 = Debug|Any CPU
		{EA5E17D8-0735-4E29-8C55-C3919911EC36}.Release|Any CPU.ActiveCfg = Release|Any CPU
		{EA5E17D8-0735-4E29-8C55-C3919911EC36}.Release|Any CPU.Build.0 = Release|Any CPU
		{EA5E17D8-0735-4E29-8C55-C3919911EC36}.Release|x64.ActiveCfg = Release|Any CPU
		{EA5E17D8-0735-4E29-8C55-C3919911EC36}.Release|x64.Build.0 = Release|Any CPU
		{EA5E17D8-0735-4E29-8C55-C3919911EC36}.Release|x86.ActiveCfg = Release|Any CPU
		{EA5E17D8-0735-4E29-8C55-C3919911EC36}.Release|x86.Build.0 = Release|Any CPU
		{80480336-8DD8-48DC-BDB1-F93B9FBE67BB}.Debug|Any CPU.ActiveCfg = Debug|Any CPU
		{80480336-8DD8-48DC-BDB1-F93B9FBE67BB}.Debug|Any CPU.Build.0 = Debug|Any CPU
		{80480336-8DD8-48DC-BDB1-F93B9FBE67BB}.Debug|x64.ActiveCfg = Debug|Any CPU
		{80480336-8DD8-48DC-BDB1-F93B9FBE67BB}.Debug|x64.Build.0 = Debug|Any CPU
		{80480336-8DD8-48DC-BDB1-F93B9FBE67BB}.Debug|x86.ActiveCfg = Debug|Any CPU
		{80480336-8DD8-48DC-BDB1-F93B9FBE67BB}.Debug|x86.Build.0 = Debug|Any CPU
		{80480336-8DD8-48DC-BDB1-F93B9FBE67BB}.Release|Any CPU.ActiveCfg = Release|Any CPU
		{80480336-8DD8-48DC-BDB1-F93B9FBE67BB}.Release|Any CPU.Build.0 = Release|Any CPU
		{80480336-8DD8-48DC-BDB1-F93B9FBE67BB}.Release|x64.ActiveCfg = Release|Any CPU
		{80480336-8DD8-48DC-BDB1-F93B9FBE67BB}.Release|x64.Build.0 = Release|Any CPU
		{80480336-8DD8-48DC-BDB1-F93B9FBE67BB}.Release|x86.ActiveCfg = Release|Any CPU
		{80480336-8DD8-48DC-BDB1-F93B9FBE67BB}.Release|x86.Build.0 = Release|Any CPU
		{38ECA8E1-5BC8-4A67-A083-D7CF77E1A6C4}.Debug|Any CPU.ActiveCfg = Debug|Any CPU
		{38ECA8E1-5BC8-4A67-A083-D7CF77E1A6C4}.Debug|Any CPU.Build.0 = Debug|Any CPU
		{38ECA8E1-5BC8-4A67-A083-D7CF77E1A6C4}.Debug|x64.ActiveCfg = Debug|Any CPU
		{38ECA8E1-5BC8-4A67-A083-D7CF77E1A6C4}.Debug|x64.Build.0 = Debug|Any CPU
		{38ECA8E1-5BC8-4A67-A083-D7CF77E1A6C4}.Debug|x86.ActiveCfg = Debug|Any CPU
		{38ECA8E1-5BC8-4A67-A083-D7CF77E1A6C4}.Debug|x86.Build.0 = Debug|Any CPU
		{38ECA8E1-5BC8-4A67-A083-D7CF77E1A6C4}.Release|Any CPU.ActiveCfg = Release|Any CPU
		{38ECA8E1-5BC8-4A67-A083-D7CF77E1A6C4}.Release|Any CPU.Build.0 = Release|Any CPU
		{38ECA8E1-5BC8-4A67-A083-D7CF77E1A6C4}.Release|x64.ActiveCfg = Release|Any CPU
		{38ECA8E1-5BC8-4A67-A083-D7CF77E1A6C4}.Release|x64.Build.0 = Release|Any CPU
		{38ECA8E1-5BC8-4A67-A083-D7CF77E1A6C4}.Release|x86.ActiveCfg = Release|Any CPU
		{38ECA8E1-5BC8-4A67-A083-D7CF77E1A6C4}.Release|x86.Build.0 = Release|Any CPU
		{9B8DC3D5-5C0F-46F6-B85F-DC7EBC9C2DDA}.Debug|Any CPU.ActiveCfg = Debug|Any CPU
		{9B8DC3D5-5C0F-46F6-B85F-DC7EBC9C2DDA}.Debug|Any CPU.Build.0 = Debug|Any CPU
		{9B8DC3D5-5C0F-46F6-B85F-DC7EBC9C2DDA}.Debug|x64.ActiveCfg = Debug|Any CPU
		{9B8DC3D5-5C0F-46F6-B85F-DC7EBC9C2DDA}.Debug|x64.Build.0 = Debug|Any CPU
		{9B8DC3D5-5C0F-46F6-B85F-DC7EBC9C2DDA}.Debug|x86.ActiveCfg = Debug|Any CPU
		{9B8DC3D5-5C0F-46F6-B85F-DC7EBC9C2DDA}.Debug|x86.Build.0 = Debug|Any CPU
		{9B8DC3D5-5C0F-46F6-B85F-DC7EBC9C2DDA}.Release|Any CPU.ActiveCfg = Release|Any CPU
		{9B8DC3D5-5C0F-46F6-B85F-DC7EBC9C2DDA}.Release|Any CPU.Build.0 = Release|Any CPU
		{9B8DC3D5-5C0F-46F6-B85F-DC7EBC9C2DDA}.Release|x64.ActiveCfg = Release|Any CPU
		{9B8DC3D5-5C0F-46F6-B85F-DC7EBC9C2DDA}.Release|x64.Build.0 = Release|Any CPU
		{9B8DC3D5-5C0F-46F6-B85F-DC7EBC9C2DDA}.Release|x86.ActiveCfg = Release|Any CPU
		{9B8DC3D5-5C0F-46F6-B85F-DC7EBC9C2DDA}.Release|x86.Build.0 = Release|Any CPU
		{60CA3A40-101D-4E14-A319-05AD2998AA89}.Debug|Any CPU.ActiveCfg = Debug|Any CPU
		{60CA3A40-101D-4E14-A319-05AD2998AA89}.Debug|Any CPU.Build.0 = Debug|Any CPU
		{60CA3A40-101D-4E14-A319-05AD2998AA89}.Debug|x64.ActiveCfg = Debug|Any CPU
		{60CA3A40-101D-4E14-A319-05AD2998AA89}.Debug|x64.Build.0 = Debug|Any CPU
		{60CA3A40-101D-4E14-A319-05AD2998AA89}.Debug|x86.ActiveCfg = Debug|Any CPU
		{60CA3A40-101D-4E14-A319-05AD2998AA89}.Debug|x86.Build.0 = Debug|Any CPU
		{60CA3A40-101D-4E14-A319-05AD2998AA89}.Release|Any CPU.ActiveCfg = Release|Any CPU
		{60CA3A40-101D-4E14-A319-05AD2998AA89}.Release|Any CPU.Build.0 = Release|Any CPU
		{60CA3A40-101D-4E14-A319-05AD2998AA89}.Release|x64.ActiveCfg = Release|Any CPU
		{60CA3A40-101D-4E14-A319-05AD2998AA89}.Release|x64.Build.0 = Release|Any CPU
		{60CA3A40-101D-4E14-A319-05AD2998AA89}.Release|x86.ActiveCfg = Release|Any CPU
		{60CA3A40-101D-4E14-A319-05AD2998AA89}.Release|x86.Build.0 = Release|Any CPU
		{DC91EF83-6816-455E-8469-A9E70B6BADA7}.Debug|Any CPU.ActiveCfg = Debug|Any CPU
		{DC91EF83-6816-455E-8469-A9E70B6BADA7}.Debug|Any CPU.Build.0 = Debug|Any CPU
		{DC91EF83-6816-455E-8469-A9E70B6BADA7}.Debug|x64.ActiveCfg = Debug|Any CPU
		{DC91EF83-6816-455E-8469-A9E70B6BADA7}.Debug|x64.Build.0 = Debug|Any CPU
		{DC91EF83-6816-455E-8469-A9E70B6BADA7}.Debug|x86.ActiveCfg = Debug|Any CPU
		{DC91EF83-6816-455E-8469-A9E70B6BADA7}.Debug|x86.Build.0 = Debug|Any CPU
		{DC91EF83-6816-455E-8469-A9E70B6BADA7}.Release|Any CPU.ActiveCfg = Release|Any CPU
		{DC91EF83-6816-455E-8469-A9E70B6BADA7}.Release|Any CPU.Build.0 = Release|Any CPU
		{DC91EF83-6816-455E-8469-A9E70B6BADA7}.Release|x64.ActiveCfg = Release|Any CPU
		{DC91EF83-6816-455E-8469-A9E70B6BADA7}.Release|x64.Build.0 = Release|Any CPU
		{DC91EF83-6816-455E-8469-A9E70B6BADA7}.Release|x86.ActiveCfg = Release|Any CPU
		{DC91EF83-6816-455E-8469-A9E70B6BADA7}.Release|x86.Build.0 = Release|Any CPU
		{DE1DDC2B-45EA-4DD2-8827-901145F3C818}.Debug|Any CPU.ActiveCfg = Debug|Any CPU
		{DE1DDC2B-45EA-4DD2-8827-901145F3C818}.Debug|Any CPU.Build.0 = Debug|Any CPU
		{DE1DDC2B-45EA-4DD2-8827-901145F3C818}.Debug|x64.ActiveCfg = Debug|Any CPU
		{DE1DDC2B-45EA-4DD2-8827-901145F3C818}.Debug|x64.Build.0 = Debug|Any CPU
		{DE1DDC2B-45EA-4DD2-8827-901145F3C818}.Debug|x86.ActiveCfg = Debug|Any CPU
		{DE1DDC2B-45EA-4DD2-8827-901145F3C818}.Debug|x86.Build.0 = Debug|Any CPU
		{DE1DDC2B-45EA-4DD2-8827-901145F3C818}.Release|Any CPU.ActiveCfg = Release|Any CPU
		{DE1DDC2B-45EA-4DD2-8827-901145F3C818}.Release|Any CPU.Build.0 = Release|Any CPU
		{DE1DDC2B-45EA-4DD2-8827-901145F3C818}.Release|x64.ActiveCfg = Release|Any CPU
		{DE1DDC2B-45EA-4DD2-8827-901145F3C818}.Release|x64.Build.0 = Release|Any CPU
		{DE1DDC2B-45EA-4DD2-8827-901145F3C818}.Release|x86.ActiveCfg = Release|Any CPU
		{DE1DDC2B-45EA-4DD2-8827-901145F3C818}.Release|x86.Build.0 = Release|Any CPU
		{805F626C-53F5-4A8F-B50D-6C10D3E62497}.Debug|Any CPU.ActiveCfg = Debug|Any CPU
		{805F626C-53F5-4A8F-B50D-6C10D3E62497}.Debug|Any CPU.Build.0 = Debug|Any CPU
		{805F626C-53F5-4A8F-B50D-6C10D3E62497}.Debug|x64.ActiveCfg = Debug|Any CPU
		{805F626C-53F5-4A8F-B50D-6C10D3E62497}.Debug|x64.Build.0 = Debug|Any CPU
		{805F626C-53F5-4A8F-B50D-6C10D3E62497}.Debug|x86.ActiveCfg = Debug|Any CPU
		{805F626C-53F5-4A8F-B50D-6C10D3E62497}.Debug|x86.Build.0 = Debug|Any CPU
		{805F626C-53F5-4A8F-B50D-6C10D3E62497}.Release|Any CPU.ActiveCfg = Release|Any CPU
		{805F626C-53F5-4A8F-B50D-6C10D3E62497}.Release|Any CPU.Build.0 = Release|Any CPU
		{805F626C-53F5-4A8F-B50D-6C10D3E62497}.Release|x64.ActiveCfg = Release|Any CPU
		{805F626C-53F5-4A8F-B50D-6C10D3E62497}.Release|x64.Build.0 = Release|Any CPU
		{805F626C-53F5-4A8F-B50D-6C10D3E62497}.Release|x86.ActiveCfg = Release|Any CPU
		{805F626C-53F5-4A8F-B50D-6C10D3E62497}.Release|x86.Build.0 = Release|Any CPU
		{382170FE-60A2-4EFD-990D-E96451A4F1B3}.Debug|Any CPU.ActiveCfg = Debug|Any CPU
		{382170FE-60A2-4EFD-990D-E96451A4F1B3}.Debug|Any CPU.Build.0 = Debug|Any CPU
		{382170FE-60A2-4EFD-990D-E96451A4F1B3}.Debug|x64.ActiveCfg = Debug|Any CPU
		{382170FE-60A2-4EFD-990D-E96451A4F1B3}.Debug|x64.Build.0 = Debug|Any CPU
		{382170FE-60A2-4EFD-990D-E96451A4F1B3}.Debug|x86.ActiveCfg = Debug|Any CPU
		{382170FE-60A2-4EFD-990D-E96451A4F1B3}.Debug|x86.Build.0 = Debug|Any CPU
		{382170FE-60A2-4EFD-990D-E96451A4F1B3}.Release|Any CPU.ActiveCfg = Release|Any CPU
		{382170FE-60A2-4EFD-990D-E96451A4F1B3}.Release|Any CPU.Build.0 = Release|Any CPU
		{382170FE-60A2-4EFD-990D-E96451A4F1B3}.Release|x64.ActiveCfg = Release|Any CPU
		{382170FE-60A2-4EFD-990D-E96451A4F1B3}.Release|x64.Build.0 = Release|Any CPU
		{382170FE-60A2-4EFD-990D-E96451A4F1B3}.Release|x86.ActiveCfg = Release|Any CPU
		{382170FE-60A2-4EFD-990D-E96451A4F1B3}.Release|x86.Build.0 = Release|Any CPU
		{770281CB-5852-4B10-B068-39F81EE5D26C}.Debug|Any CPU.ActiveCfg = Debug|Any CPU
		{770281CB-5852-4B10-B068-39F81EE5D26C}.Debug|Any CPU.Build.0 = Debug|Any CPU
		{770281CB-5852-4B10-B068-39F81EE5D26C}.Debug|x64.ActiveCfg = Debug|Any CPU
		{770281CB-5852-4B10-B068-39F81EE5D26C}.Debug|x64.Build.0 = Debug|Any CPU
		{770281CB-5852-4B10-B068-39F81EE5D26C}.Debug|x86.ActiveCfg = Debug|Any CPU
		{770281CB-5852-4B10-B068-39F81EE5D26C}.Debug|x86.Build.0 = Debug|Any CPU
		{770281CB-5852-4B10-B068-39F81EE5D26C}.Release|Any CPU.ActiveCfg = Release|Any CPU
		{770281CB-5852-4B10-B068-39F81EE5D26C}.Release|Any CPU.Build.0 = Release|Any CPU
		{770281CB-5852-4B10-B068-39F81EE5D26C}.Release|x64.ActiveCfg = Release|Any CPU
		{770281CB-5852-4B10-B068-39F81EE5D26C}.Release|x64.Build.0 = Release|Any CPU
		{770281CB-5852-4B10-B068-39F81EE5D26C}.Release|x86.ActiveCfg = Release|Any CPU
		{770281CB-5852-4B10-B068-39F81EE5D26C}.Release|x86.Build.0 = Release|Any CPU
		{88204B9F-FD51-4093-AC19-B2FB0F1E882D}.Debug|Any CPU.ActiveCfg = Debug|Any CPU
		{88204B9F-FD51-4093-AC19-B2FB0F1E882D}.Debug|Any CPU.Build.0 = Debug|Any CPU
		{88204B9F-FD51-4093-AC19-B2FB0F1E882D}.Debug|x64.ActiveCfg = Debug|Any CPU
		{88204B9F-FD51-4093-AC19-B2FB0F1E882D}.Debug|x64.Build.0 = Debug|Any CPU
		{88204B9F-FD51-4093-AC19-B2FB0F1E882D}.Debug|x86.ActiveCfg = Debug|Any CPU
		{88204B9F-FD51-4093-AC19-B2FB0F1E882D}.Debug|x86.Build.0 = Debug|Any CPU
		{88204B9F-FD51-4093-AC19-B2FB0F1E882D}.Release|Any CPU.ActiveCfg = Release|Any CPU
		{88204B9F-FD51-4093-AC19-B2FB0F1E882D}.Release|Any CPU.Build.0 = Release|Any CPU
		{88204B9F-FD51-4093-AC19-B2FB0F1E882D}.Release|x64.ActiveCfg = Release|Any CPU
		{88204B9F-FD51-4093-AC19-B2FB0F1E882D}.Release|x64.Build.0 = Release|Any CPU
		{88204B9F-FD51-4093-AC19-B2FB0F1E882D}.Release|x86.ActiveCfg = Release|Any CPU
		{88204B9F-FD51-4093-AC19-B2FB0F1E882D}.Release|x86.Build.0 = Release|Any CPU
		{C6820A5B-542A-48E2-B495-70CAA0CCBFE1}.Debug|Any CPU.ActiveCfg = Debug|Any CPU
		{C6820A5B-542A-48E2-B495-70CAA0CCBFE1}.Debug|Any CPU.Build.0 = Debug|Any CPU
		{C6820A5B-542A-48E2-B495-70CAA0CCBFE1}.Debug|x64.ActiveCfg = Debug|Any CPU
		{C6820A5B-542A-48E2-B495-70CAA0CCBFE1}.Debug|x64.Build.0 = Debug|Any CPU
		{C6820A5B-542A-48E2-B495-70CAA0CCBFE1}.Debug|x86.ActiveCfg = Debug|Any CPU
		{C6820A5B-542A-48E2-B495-70CAA0CCBFE1}.Debug|x86.Build.0 = Debug|Any CPU
		{C6820A5B-542A-48E2-B495-70CAA0CCBFE1}.Release|Any CPU.ActiveCfg = Release|Any CPU
		{C6820A5B-542A-48E2-B495-70CAA0CCBFE1}.Release|Any CPU.Build.0 = Release|Any CPU
		{C6820A5B-542A-48E2-B495-70CAA0CCBFE1}.Release|x64.ActiveCfg = Release|Any CPU
		{C6820A5B-542A-48E2-B495-70CAA0CCBFE1}.Release|x64.Build.0 = Release|Any CPU
		{C6820A5B-542A-48E2-B495-70CAA0CCBFE1}.Release|x86.ActiveCfg = Release|Any CPU
		{C6820A5B-542A-48E2-B495-70CAA0CCBFE1}.Release|x86.Build.0 = Release|Any CPU
	EndGlobalSection
	GlobalSection(SolutionProperties) = preSolution
		HideSolutionNode = FALSE
	EndGlobalSection
	GlobalSection(NestedProjects) = preSolution
		{298161D0-6059-4B32-8857-5F4B7DC0A532} = {3F08B4AE-0493-A483-1247-4A32A731F630}
		{D5DA358E-B6BE-4802-B925-96681B534D13} = {3F08B4AE-0493-A483-1247-4A32A731F630}
		{66B3B872-0C13-4FD8-9A77-4511775B7318} = {3F08B4AE-0493-A483-1247-4A32A731F630}
		{58681BE2-B4B2-4776-817F-76EFFFE31779} = {3F08B4AE-0493-A483-1247-4A32A731F630}
		{EA5E17D8-0735-4E29-8C55-C3919911EC36} = {427B423C-1F18-ACA6-0D66-391B28203589}
		{80480336-8DD8-48DC-BDB1-F93B9FBE67BB} = {427B423C-1F18-ACA6-0D66-391B28203589}
		{38ECA8E1-5BC8-4A67-A083-D7CF77E1A6C4} = {427B423C-1F18-ACA6-0D66-391B28203589}
		{9B8DC3D5-5C0F-46F6-B85F-DC7EBC9C2DDA} = {427B423C-1F18-ACA6-0D66-391B28203589}
		{60CA3A40-101D-4E14-A319-05AD2998AA89} = {A6201A63-431E-5753-8597-BE89025CE600}
		{DC91EF83-6816-455E-8469-A9E70B6BADA7} = {A6201A63-431E-5753-8597-BE89025CE600}
		{DE1DDC2B-45EA-4DD2-8827-901145F3C818} = {A6201A63-431E-5753-8597-BE89025CE600}
		{805F626C-53F5-4A8F-B50D-6C10D3E62497} = {A6201A63-431E-5753-8597-BE89025CE600}
		{382170FE-60A2-4EFD-990D-E96451A4F1B3} = {589370D0-55ED-C32D-0ECD-25641741CBD2}
		{770281CB-5852-4B10-B068-39F81EE5D26C} = {589370D0-55ED-C32D-0ECD-25641741CBD2}
		{88204B9F-FD51-4093-AC19-B2FB0F1E882D} = {589370D0-55ED-C32D-0ECD-25641741CBD2}
		{C6820A5B-542A-48E2-B495-70CAA0CCBFE1} = {589370D0-55ED-C32D-0ECD-25641741CBD2}
	EndGlobalSection
EndGlobal
